
Microsoft Visual Studio Solution File, Format Version 12.00
# Visual Studio Version 17
VisualStudioVersion = 17.5.33627.172
MinimumVisualStudioVersion = 10.0.40219.1
Project("{9A19103F-16F7-4668-BE54-9A1E7A4F7556}") = "WebAppi_Diplom", "WebAppi_HW7\WebAppi_Diplom.csproj", "{5ADBC3DD-DB2E-489B-AE63-AF6AEAEC649E}"
EndProject
Project("{FAE04EC0-301F-11D3-BF4B-00C04F79EFBC}") = "Football_Tests", "Football_Tests\Football_Tests.csproj", "{5547F0D2-93D9-4AF5-B31F-CCAC32642370}"
	ProjectSection(ProjectDependencies) = postProject
		{5ADBC3DD-DB2E-489B-AE63-AF6AEAEC649E} = {5ADBC3DD-DB2E-489B-AE63-AF6AEAEC649E}
	EndProjectSection
EndProject
Global
	GlobalSection(SolutionConfigurationPlatforms) = preSolution
		Debug|Any CPU = Debug|Any CPU
		Release|Any CPU = Release|Any CPU
	EndGlobalSection
	GlobalSection(ProjectConfigurationPlatforms) = postSolution
		{5ADBC3DD-DB2E-489B-AE63-AF6AEAEC649E}.Debug|Any CPU.ActiveCfg = Debug|Any CPU
		{5ADBC3DD-DB2E-489B-AE63-AF6AEAEC649E}.Debug|Any CPU.Build.0 = Debug|Any CPU
		{5ADBC3DD-DB2E-489B-AE63-AF6AEAEC649E}.Release|Any CPU.ActiveCfg = Release|Any CPU
		{5ADBC3DD-DB2E-489B-AE63-AF6AEAEC649E}.Release|Any CPU.Build.0 = Release|Any CPU
		{5547F0D2-93D9-4AF5-B31F-CCAC32642370}.Debug|Any CPU.ActiveCfg = Debug|Any CPU
		{5547F0D2-93D9-4AF5-B31F-CCAC32642370}.Debug|Any CPU.Build.0 = Debug|Any CPU
		{5547F0D2-93D9-4AF5-B31F-CCAC32642370}.Release|Any CPU.ActiveCfg = Release|Any CPU
		{5547F0D2-93D9-4AF5-B31F-CCAC32642370}.Release|Any CPU.Build.0 = Release|Any CPU
	EndGlobalSection
	GlobalSection(SolutionProperties) = preSolution
		HideSolutionNode = FALSE
	EndGlobalSection
	GlobalSection(ExtensibilityGlobals) = postSolution
		SolutionGuid = {FD2B26A9-3539-4B6A-BC8C-27B657B2A7BD}
	EndGlobalSection
EndGlobal
